
Microsoft Visual Studio Solution File, Format Version 12.00
# Visual Studio Version 16
VisualStudioVersion = 16.0.32228.343
MinimumVisualStudioVersion = 10.0.40219.1
Project("{FAE04EC0-301F-11D3-BF4B-00C04F79EFBC}") = "Biblioteca", "Biblioteca.csproj", "{B479D8FE-CDA8-4450-B1AA-DA945869BA81}"
EndProject
Global
	GlobalSection(SolutionConfigurationPlatforms) = preSolution
		Debug|Any CPU = Debug|Any CPU
		Release|Any CPU = Release|Any CPU
	EndGlobalSection
	GlobalSection(ProjectConfigurationPlatforms) = postSolution
		{B479D8FE-CDA8-4450-B1AA-DA945869BA81}.Debug|Any CPU.ActiveCfg = Debug|Any CPU
		{B479D8FE-CDA8-4450-B1AA-DA945869BA81}.Debug|Any CPU.Build.0 = Debug|Any CPU
		{B479D8FE-CDA8-4450-B1AA-DA945869BA81}.Release|Any CPU.ActiveCfg = Release|Any CPU
		{B479D8FE-CDA8-4450-B1AA-DA945869BA81}.Release|Any CPU.Build.0 = Release|Any CPU
	EndGlobalSection
	GlobalSection(SolutionProperties) = preSolution
		HideSolutionNode = FALSE
	EndGlobalSection
	GlobalSection(ExtensibilityGlobals) = postSolution
		SolutionGuid = {16AA4624-FE91-47DA-AC7A-1F0A63324021}
	EndGlobalSection
EndGlobal
